
Microsoft Visual Studio Solution File, Format Version 12.00
Project("{FAE04EC0-301F-11D3-BF4B-00C04F79EFBC}") = "LCS_Algorithm", "LCS_Algorithm\LCS_Algorithm.csproj", "{765BD631-4C76-44BA-9511-445A9D3407C3}"
EndProject
Global
	GlobalSection(SolutionConfigurationPlatforms) = preSolution
		Debug|Any CPU = Debug|Any CPU
		Release|Any CPU = Release|Any CPU
	EndGlobalSection
	GlobalSection(ProjectConfigurationPlatforms) = postSolution
		{765BD631-4C76-44BA-9511-445A9D3407C3}.Debug|Any CPU.ActiveCfg = Debug|Any CPU
		{765BD631-4C76-44BA-9511-445A9D3407C3}.Debug|Any CPU.Build.0 = Debug|Any CPU
		{765BD631-4C76-44BA-9511-445A9D3407C3}.Release|Any CPU.ActiveCfg = Release|Any CPU
		{765BD631-4C76-44BA-9511-445A9D3407C3}.Release|Any CPU.Build.0 = Release|Any CPU
	EndGlobalSection
EndGlobal
