Microsoft Visual Studio Solution File, Format Version 12.00
# Visual Studio Version 17
VisualStudioVersion = 17.5.2.0
MinimumVisualStudioVersion = 10.0.40219.1
Project("{2150E333-8FDC-42A3-9474-1A3956D46DE8}") = "backend", "backend", "{1AE8ACA6-933B-BF2A-3671-3E2EAC007D16}"
	ProjectSection(SolutionItems) = preProject
		backend\refactorPlan.md = backend\refactorPlan.md
		backend\TASKS.md = backend\TASKS.md
	EndProjectSection
EndProject
Project("{FAE04EC0-301F-11D3-BF4B-00C04F79EFBC}") = "InventoryApi", "backend\InventoryApi.csproj", "{0D91F872-9276-AF11-405A-2C1AE74AEAF0}"
EndProject
Global
	GlobalSection(SolutionConfigurationPlatforms) = preSolution
		Debug|Any CPU = Debug|Any CPU
		Release|Any CPU = Release|Any CPU
	EndGlobalSection
	GlobalSection(ProjectConfigurationPlatforms) = postSolution
		{0D91F872-9276-AF11-405A-2C1AE74AEAF0}.Debug|Any CPU.ActiveCfg = Debug|Any CPU
		{0D91F872-9276-AF11-405A-2C1AE74AEAF0}.Debug|Any CPU.Build.0 = Debug|Any CPU
		{0D91F872-9276-AF11-405A-2C1AE74AEAF0}.Release|Any CPU.ActiveCfg = Release|Any CPU
		{0D91F872-9276-AF11-405A-2C1AE74AEAF0}.Release|Any CPU.Build.0 = Release|Any CPU
	EndGlobalSection
	GlobalSection(SolutionProperties) = preSolution
		HideSolutionNode = FALSE
	EndGlobalSection
	GlobalSection(NestedProjects) = preSolution
		{0D91F872-9276-AF11-405A-2C1AE74AEAF0} = {1AE8ACA6-933B-BF2A-3671-3E2EAC007D16}
	EndGlobalSection
	GlobalSection(ExtensibilityGlobals) = postSolution
		SolutionGuid = {B97A739C-19D5-47C2-B1E4-B39E88A72630}
	EndGlobalSection
EndGlobal
